// !$*UTF8*$!
{
	archiveVersion = 1;
	classes = {
	};
	objectVersion = 55;
	objects = {

/* Begin PBXBuildFile section */
		1A8E355A290285E200748C77 /* AppDelegate.swift in Sources */ = {isa = PBXBuildFile; fileRef = 1A8E3559290285E200748C77 /* AppDelegate.swift */; };
		1A8E355C290285E200748C77 /* SceneDelegate.swift in Sources */ = {isa = PBXBuildFile; fileRef = 1A8E355B290285E200748C77 /* SceneDelegate.swift */; };
		1A8E355E290285E200748C77 /* ViewController.swift in Sources */ = {isa = PBXBuildFile; fileRef = 1A8E355D290285E200748C77 /* ViewController.swift */; };
		1A8E3561290285E200748C77 /* Main.storyboard in Resources */ = {isa = PBXBuildFile; fileRef = 1A8E355F290285E200748C77 /* Main.storyboard */; };
		1A8E3563290285E500748C77 /* Assets.xcassets in Resources */ = {isa = PBXBuildFile; fileRef = 1A8E3562290285E500748C77 /* Assets.xcassets */; };
		1A8E3566290285E500748C77 /* LaunchScreen.storyboard in Resources */ = {isa = PBXBuildFile; fileRef = 1A8E3564290285E500748C77 /* LaunchScreen.storyboard */; };
		1A8E3571290285E600748C77 /* voteTests.swift in Sources */ = {isa = PBXBuildFile; fileRef = 1A8E3570290285E600748C77 /* voteTests.swift */; };
		1A8E357B290285E600748C77 /* voteUITests.swift in Sources */ = {isa = PBXBuildFile; fileRef = 1A8E357A290285E600748C77 /* voteUITests.swift */; };
		1A8E357D290285E600748C77 /* voteUITestsLaunchTests.swift in Sources */ = {isa = PBXBuildFile; fileRef = 1A8E357C290285E600748C77 /* voteUITestsLaunchTests.swift */; };
/* End PBXBuildFile section */

/* Begin PBXContainerItemProxy section */
		1A8E356D290285E600748C77 /* PBXContainerItemProxy */ = {
			isa = PBXContainerItemProxy;
			containerPortal = 1A8E354E290285E200748C77 /* Project object */;
			proxyType = 1;
			remoteGlobalIDString = 1A8E3555290285E200748C77;
			remoteInfo = vote;
		};
		1A8E3577290285E600748C77 /* PBXContainerItemProxy */ = {
			isa = PBXContainerItemProxy;
			containerPortal = 1A8E354E290285E200748C77 /* Project object */;
			proxyType = 1;
			remoteGlobalIDString = 1A8E3555290285E200748C77;
			remoteInfo = vote;
		};
/* End PBXContainerItemProxy section */

/* Begin PBXFileReference section */
		1A8E3556290285E200748C77 /* vote.app */ = {isa = PBXFileReference; explicitFileType = wrapper.application; includeInIndex = 0; path = vote.app; sourceTree = BUILT_PRODUCTS_DIR; };
		1A8E3559290285E200748C77 /* AppDelegate.swift */ = {isa = PBXFileReference; lastKnownFileType = sourcecode.swift; path = AppDelegate.swift; sourceTree = "<group>"; };
		1A8E355B290285E200748C77 /* SceneDelegate.swift */ = {isa = PBXFileReference; lastKnownFileType = sourcecode.swift; path = SceneDelegate.swift; sourceTree = "<group>"; };
		1A8E355D290285E200748C77 /* ViewController.swift */ = {isa = PBXFileReference; lastKnownFileType = sourcecode.swift; path = ViewController.swift; sourceTree = "<group>"; };
		1A8E3560290285E200748C77 /* Base */ = {isa = PBXFileReference; lastKnownFileType = file.storyboard; name = Base; path = Base.lproj/Main.storyboard; sourceTree = "<group>"; };
		1A8E3562290285E500748C77 /* Assets.xcassets */ = {isa = PBXFileReference; lastKnownFileType = folder.assetcatalog; path = Assets.xcassets; sourceTree = "<group>"; };
		1A8E3565290285E500748C77 /* Base */ = {isa = PBXFileReference; lastKnownFileType = file.storyboard; name = Base; path = Base.lproj/LaunchScreen.storyboard; sourceTree = "<group>"; };
		1A8E3567290285E500748C77 /* Info.plist */ = {isa = PBXFileReference; lastKnownFileType = text.plist.xml; path = Info.plist; sourceTree = "<group>"; };
		1A8E356C290285E600748C77 /* voteTests.xctest */ = {isa = PBXFileReference; explicitFileType = wrapper.cfbundle; includeInIndex = 0; path = voteTests.xctest; sourceTree = BUILT_PRODUCTS_DIR; };
		1A8E3570290285E600748C77 /* voteTests.swift */ = {isa = PBXFileReference; lastKnownFileType = sourcecode.swift; path = voteTests.swift; sourceTree = "<group>"; };
		1A8E3576290285E600748C77 /* voteUITests.xctest */ = {isa = PBXFileReference; explicitFileType = wrapper.cfbundle; includeInIndex = 0; path = voteUITests.xctest; sourceTree = BUILT_PRODUCTS_DIR; };
		1A8E357A290285E600748C77 /* voteUITests.swift */ = {isa = PBXFileReference; lastKnownFileType = sourcecode.swift; path = voteUITests.swift; sourceTree = "<group>"; };
		1A8E357C290285E600748C77 /* voteUITestsLaunchTests.swift */ = {isa = PBXFileReference; lastKnownFileType = sourcecode.swift; path = voteUITestsLaunchTests.swift; sourceTree = "<group>"; };
/* End PBXFileReference section */

/* Begin PBXFrameworksBuildPhase section */
		1A8E3553290285E200748C77 /* Frameworks */ = {
			isa = PBXFrameworksBuildPhase;
			buildActionMask = 2147483647;
			files = (
			);
			runOnlyForDeploymentPostprocessing = 0;
		};
		1A8E3569290285E600748C77 /* Frameworks */ = {
			isa = PBXFrameworksBuildPhase;
			buildActionMask = 2147483647;
			files = (
			);
			runOnlyForDeploymentPostprocessing = 0;
		};
		1A8E3573290285E600748C77 /* Frameworks */ = {
			isa = PBXFrameworksBuildPhase;
			buildActionMask = 2147483647;
			files = (
			);
			runOnlyForDeploymentPostprocessing = 0;
		};
/* End PBXFrameworksBuildPhase section */

/* Begin PBXGroup section */
		1A8E354D290285E200748C77 = {
			isa = PBXGroup;
			children = (
				1A8E3558290285E200748C77 /* vote */,
				1A8E356F290285E600748C77 /* voteTests */,
				1A8E3579290285E600748C77 /* voteUITests */,
				1A8E3557290285E200748C77 /* Products */,
			);
			sourceTree = "<group>";
		};
		1A8E3557290285E200748C77 /* Products */ = {
			isa = PBXGroup;
			children = (
				1A8E3556290285E200748C77 /* vote.app */,
				1A8E356C290285E600748C77 /* voteTests.xctest */,
				1A8E3576290285E600748C77 /* voteUITests.xctest */,
			);
			name = Products;
			sourceTree = "<group>";
		};
		1A8E3558290285E200748C77 /* vote */ = {
			isa = PBXGroup;
			children = (
				1A8E3559290285E200748C77 /* AppDelegate.swift */,
				1A8E355B290285E200748C77 /* SceneDelegate.swift */,
				1A8E355D290285E200748C77 /* ViewController.swift */,
				1A8E355F290285E200748C77 /* Main.storyboard */,
				1A8E3562290285E500748C77 /* Assets.xcassets */,
				1A8E3564290285E500748C77 /* LaunchScreen.storyboard */,
				1A8E3567290285E500748C77 /* Info.plist */,
			);
			path = vote;
			sourceTree = "<group>";
		};
		1A8E356F290285E600748C77 /* voteTests */ = {
			isa = PBXGroup;
			children = (
				1A8E3570290285E600748C77 /* voteTests.swift */,
			);
			path = voteTests;
			sourceTree = "<group>";
		};
		1A8E3579290285E600748C77 /* voteUITests */ = {
			isa = PBXGroup;
			children = (
				1A8E357A290285E600748C77 /* voteUITests.swift */,
				1A8E357C290285E600748C77 /* voteUITestsLaunchTests.swift */,
			);
			path = voteUITests;
			sourceTree = "<group>";
		};
/* End PBXGroup section */

/* Begin PBXNativeTarget section */
		1A8E3555290285E200748C77 /* vote */ = {
			isa = PBXNativeTarget;
			buildConfigurationList = 1A8E3580290285E600748C77 /* Build configuration list for PBXNativeTarget "vote" */;
			buildPhases = (
				1A8E3552290285E200748C77 /* Sources */,
				1A8E3553290285E200748C77 /* Frameworks */,
				1A8E3554290285E200748C77 /* Resources */,
			);
			buildRules = (
			);
			dependencies = (
			);
			name = vote;
			productName = vote;
			productReference = 1A8E3556290285E200748C77 /* vote.app */;
			productType = "com.apple.product-type.application";
		};
		1A8E356B290285E600748C77 /* voteTests */ = {
			isa = PBXNativeTarget;
			buildConfigurationList = 1A8E3583290285E600748C77 /* Build configuration list for PBXNativeTarget "voteTests" */;
			buildPhases = (
				1A8E3568290285E600748C77 /* Sources */,
				1A8E3569290285E600748C77 /* Frameworks */,
				1A8E356A290285E600748C77 /* Resources */,
			);
			buildRules = (
			);
			dependencies = (
				1A8E356E290285E600748C77 /* PBXTargetDependency */,
			);
			name = voteTests;
			productName = voteTests;
			productReference = 1A8E356C290285E600748C77 /* voteTests.xctest */;
			productType = "com.apple.product-type.bundle.unit-test";
		};
		1A8E3575290285E600748C77 /* voteUITests */ = {
			isa = PBXNativeTarget;
			buildConfigurationList = 1A8E3586290285E600748C77 /* Build configuration list for PBXNativeTarget "voteUITests" */;
			buildPhases = (
				1A8E3572290285E600748C77 /* Sources */,
				1A8E3573290285E600748C77 /* Frameworks */,
				1A8E3574290285E600748C77 /* Resources */,
			);
			buildRules = (
			);
			dependencies = (
				1A8E3578290285E600748C77 /* PBXTargetDependency */,
			);
			name = voteUITests;
			productName = voteUITests;
			productReference = 1A8E3576290285E600748C77 /* voteUITests.xctest */;
			productType = "com.apple.product-type.bundle.ui-testing";
		};
/* End PBXNativeTarget section */

/* Begin PBXProject section */
		1A8E354E290285E200748C77 /* Project object */ = {
			isa = PBXProject;
			attributes = {
				BuildIndependentTargetsInParallel = 1;
				LastSwiftUpdateCheck = 1340;
				LastUpgradeCheck = 1340;
				TargetAttributes = {
					1A8E3555290285E200748C77 = {
						CreatedOnToolsVersion = 13.4.1;
					};
					1A8E356B290285E600748C77 = {
						CreatedOnToolsVersion = 13.4.1;
						TestTargetID = 1A8E3555290285E200748C77;
					};
					1A8E3575290285E600748C77 = {
						CreatedOnToolsVersion = 13.4.1;
						TestTargetID = 1A8E3555290285E200748C77;
					};
				};
			};
			buildConfigurationList = 1A8E3551290285E200748C77 /* Build configuration list for PBXProject "vote" */;
			compatibilityVersion = "Xcode 13.0";
			developmentRegion = en;
			hasScannedForEncodings = 0;
			knownRegions = (
				en,
				Base,
			);
			mainGroup = 1A8E354D290285E200748C77;
			productRefGroup = 1A8E3557290285E200748C77 /* Products */;
			projectDirPath = "";
			projectRoot = "";
			targets = (
				1A8E3555290285E200748C77 /* vote */,
				1A8E356B290285E600748C77 /* voteTests */,
				1A8E3575290285E600748C77 /* voteUITests */,
			);
		};
/* End PBXProject section */

/* Begin PBXResourcesBuildPhase section */
		1A8E3554290285E200748C77 /* Resources */ = {
			isa = PBXResourcesBuildPhase;
			buildActionMask = 2147483647;
			files = (
				1A8E3566290285E500748C77 /* LaunchScreen.storyboard in Resources */,
				1A8E3563290285E500748C77 /* Assets.xcassets in Resources */,
				1A8E3561290285E200748C77 /* Main.storyboard in Resources */,
			);
			runOnlyForDeploymentPostprocessing = 0;
		};
		1A8E356A290285E600748C77 /* Resources */ = {
			isa = PBXResourcesBuildPhase;
			buildActionMask = 2147483647;
			files = (
			);
			runOnlyForDeploymentPostprocessing = 0;
		};
		1A8E3574290285E600748C77 /* Resources */ = {
			isa = PBXResourcesBuildPhase;
			buildActionMask = 2147483647;
			files = (
			);
			runOnlyForDeploymentPostprocessing = 0;
		};
/* End PBXResourcesBuildPhase section */

/* Begin PBXSourcesBuildPhase section */
		1A8E3552290285E200748C77 /* Sources */ = {
			isa = PBXSourcesBuildPhase;
			buildActionMask = 2147483647;
			files = (
				1A8E355E290285E200748C77 /* ViewController.swift in Sources */,
				1A8E355A290285E200748C77 /* AppDelegate.swift in Sources */,
				1A8E355C290285E200748C77 /* SceneDelegate.swift in Sources */,
			);
			runOnlyForDeploymentPostprocessing = 0;
		};
		1A8E3568290285E600748C77 /* Sources */ = {
			isa = PBXSourcesBuildPhase;
			buildActionMask = 2147483647;
			files = (
				1A8E3571290285E600748C77 /* voteTests.swift in Sources */,
			);
			runOnlyForDeploymentPostprocessing = 0;
		};
		1A8E3572290285E600748C77 /* Sources */ = {
			isa = PBXSourcesBuildPhase;
			buildActionMask = 2147483647;
			files = (
				1A8E357D290285E600748C77 /* voteUITestsLaunchTests.swift in Sources */,
				1A8E357B290285E600748C77 /* voteUITests.swift in Sources */,
			);
			runOnlyForDeploymentPostprocessing = 0;
		};
/* End PBXSourcesBuildPhase section */

/* Begin PBXTargetDependency section */
		1A8E356E290285E600748C77 /* PBXTargetDependency */ = {
			isa = PBXTargetDependency;
			target = 1A8E3555290285E200748C77 /* vote */;
			targetProxy = 1A8E356D290285E600748C77 /* PBXContainerItemProxy */;
		};
		1A8E3578290285E600748C77 /* PBXTargetDependency */ = {
			isa = PBXTargetDependency;
			target = 1A8E3555290285E200748C77 /* vote */;
			targetProxy = 1A8E3577290285E600748C77 /* PBXContainerItemProxy */;
		};
/* End PBXTargetDependency section */

/* Begin PBXVariantGroup section */
		1A8E355F290285E200748C77 /* Main.storyboard */ = {
			isa = PBXVariantGroup;
			children = (
				1A8E3560290285E200748C77 /* Base */,
			);
			name = Main.storyboard;
			sourceTree = "<group>";
		};
		1A8E3564290285E500748C77 /* LaunchScreen.storyboard */ = {
			isa = PBXVariantGroup;
			children = (
				1A8E3565290285E500748C77 /* Base */,
			);
			name = LaunchScreen.storyboard;
			sourceTree = "<group>";
		};
/* End PBXVariantGroup section */

/* Begin XCBuildConfiguration section */
		1A8E357E290285E600748C77 /* Debug */ = {
			isa = XCBuildConfiguration;
			buildSettings = {
				ALWAYS_SEARCH_USER_PATHS = NO;
				CLANG_ANALYZER_NONNULL = YES;
				CLANG_ANALYZER_NUMBER_OBJECT_CONVERSION = YES_AGGRESSIVE;
				CLANG_CXX_LANGUAGE_STANDARD = "gnu++17";
				CLANG_ENABLE_MODULES = YES;
				CLANG_ENABLE_OBJC_ARC = YES;
				CLANG_ENABLE_OBJC_WEAK = YES;
				CLANG_WARN_BLOCK_CAPTURE_AUTORELEASING = YES;
				CLANG_WARN_BOOL_CONVERSION = YES;
				CLANG_WARN_COMMA = YES;
				CLANG_WARN_CONSTANT_CONVERSION = YES;
				CLANG_WARN_DEPRECATED_OBJC_IMPLEMENTATIONS = YES;
				CLANG_WARN_DIRECT_OBJC_ISA_USAGE = YES_ERROR;
				CLANG_WARN_DOCUMENTATION_COMMENTS = YES;
				CLANG_WARN_EMPTY_BODY = YES;
				CLANG_WARN_ENUM_CONVERSION = YES;
				CLANG_WARN_INFINITE_RECURSION = YES;
				CLANG_WARN_INT_CONVERSION = YES;
				CLANG_WARN_NON_LITERAL_NULL_CONVERSION = YES;
				CLANG_WARN_OBJC_IMPLICIT_RETAIN_SELF = YES;
				CLANG_WARN_OBJC_LITERAL_CONVERSION = YES;
				CLANG_WARN_OBJC_ROOT_CLASS = YES_ERROR;
				CLANG_WARN_QUOTED_INCLUDE_IN_FRAMEWORK_HEADER = YES;
				CLANG_WARN_RANGE_LOOP_ANALYSIS = YES;
				CLANG_WARN_STRICT_PROTOTYPES = YES;
				CLANG_WARN_SUSPICIOUS_MOVE = YES;
				CLANG_WARN_UNGUARDED_AVAILABILITY = YES_AGGRESSIVE;
				CLANG_WARN_UNREACHABLE_CODE = YES;
				CLANG_WARN__DUPLICATE_METHOD_MATCH = YES;
				COPY_PHASE_STRIP = NO;
				DEBUG_INFORMATION_FORMAT = dwarf;
				ENABLE_STRICT_OBJC_MSGSEND = YES;
				ENABLE_TESTABILITY = YES;
				GCC_C_LANGUAGE_STANDARD = gnu11;
				GCC_DYNAMIC_NO_PIC = NO;
				GCC_NO_COMMON_BLOCKS = YES;
				GCC_OPTIMIZATION_LEVEL = 0;
				GCC_PREPROCESSOR_DEFINITIONS = (
					"DEBUG=1",
					"$(inherited)",
				);
				GCC_WARN_64_TO_32_BIT_CONVERSION = YES;
				GCC_WARN_ABOUT_RETURN_TYPE = YES_ERROR;
				GCC_WARN_UNDECLARED_SELECTOR = YES;
				GCC_WARN_UNINITIALIZED_AUTOS = YES_AGGRESSIVE;
				GCC_WARN_UNUSED_FUNCTION = YES;
				GCC_WARN_UNUSED_VARIABLE = YES;
				IPHONEOS_DEPLOYMENT_TARGET = 15.5;
				MTL_ENABLE_DEBUG_INFO = INCLUDE_SOURCE;
				MTL_FAST_MATH = YES;
				ONLY_ACTIVE_ARCH = YES;
				SDKROOT = iphoneos;
				SWIFT_ACTIVE_COMPILATION_CONDITIONS = DEBUG;
				SWIFT_OPTIMIZATION_LEVEL = "-Onone";
			};
			name = Debug;
		};
		1A8E357F290285E600748C77 /* Release */ = {
			isa = XCBuildConfiguration;
			buildSettings = {
				ALWAYS_SEARCH_USER_PATHS = NO;
				CLANG_ANALYZER_NONNULL = YES;
				CLANG_ANALYZER_NUMBER_OBJECT_CONVERSION = YES_AGGRESSIVE;
				CLANG_CXX_LANGUAGE_STANDARD = "gnu++17";
				CLANG_ENABLE_MODULES = YES;
				CLANG_ENABLE_OBJC_ARC = YES;
				CLANG_ENABLE_OBJC_WEAK = YES;
				CLANG_WARN_BLOCK_CAPTURE_AUTORELEASING = YES;
				CLANG_WARN_BOOL_CONVERSION = YES;
				CLANG_WARN_COMMA = YES;
				CLANG_WARN_CONSTANT_CONVERSION = YES;
				CLANG_WARN_DEPRECATED_OBJC_IMPLEMENTATIONS = YES;
				CLANG_WARN_DIRECT_OBJC_ISA_USAGE = YES_ERROR;
				CLANG_WARN_DOCUMENTATION_COMMENTS = YES;
				CLANG_WARN_EMPTY_BODY = YES;
				CLANG_WARN_ENUM_CONVERSION = YES;
				CLANG_WARN_INFINITE_RECURSION = YES;
				CLANG_WARN_INT_CONVERSION = YES;
				CLANG_WARN_NON_LITERAL_NULL_CONVERSION = YES;
				CLANG_WARN_OBJC_IMPLICIT_RETAIN_SELF = YES;
				CLANG_WARN_OBJC_LITERAL_CONVERSION = YES;
				CLANG_WARN_OBJC_ROOT_CLASS = YES_ERROR;
				CLANG_WARN_QUOTED_INCLUDE_IN_FRAMEWORK_HEADER = YES;
				CLANG_WARN_RANGE_LOOP_ANALYSIS = YES;
				CLANG_WARN_STRICT_PROTOTYPES = YES;
				CLANG_WARN_SUSPICIOUS_MOVE = YES;
				CLANG_WARN_UNGUARDED_AVAILABILITY = YES_AGGRESSIVE;
				CLANG_WARN_UNREACHABLE_CODE = YES;
				CLANG_WARN__DUPLICATE_METHOD_MATCH = YES;
				COPY_PHASE_STRIP = NO;
				DEBUG_INFORMATION_FORMAT = "dwarf-with-dsym";
				ENABLE_NS_ASSERTIONS = NO;
				ENABLE_STRICT_OBJC_MSGSEND = YES;
				GCC_C_LANGUAGE_STANDARD = gnu11;
				GCC_NO_COMMON_BLOCKS = YES;
				GCC_WARN_64_TO_32_BIT_CONVERSION = YES;
				GCC_WARN_ABOUT_RETURN_TYPE = YES_ERROR;
				GCC_WARN_UNDECLARED_SELECTOR = YES;
				GCC_WARN_UNINITIALIZED_AUTOS = YES_AGGRESSIVE;
				GCC_WARN_UNUSED_FUNCTION = YES;
				GCC_WARN_UNUSED_VARIABLE = YES;
				IPHONEOS_DEPLOYMENT_TARGET = 15.5;
				MTL_ENABLE_DEBUG_INFO = NO;
				MTL_FAST_MATH = YES;
				SDKROOT = iphoneos;
				SWIFT_COMPILATION_MODE = wholemodule;
				SWIFT_OPTIMIZATION_LEVEL = "-O";
				VALIDATE_PRODUCT = YES;
			};
			name = Release;
		};
		1A8E3581290285E600748C77 /* Debug */ = {
			isa = XCBuildConfiguration;
			buildSettings = {
				ASSETCATALOG_COMPILER_APPICON_NAME = AppIcon;
				ASSETCATALOG_COMPILER_GLOBAL_ACCENT_COLOR_NAME = AccentColor;
				CODE_SIGN_STYLE = Automatic;
				CURRENT_PROJECT_VERSION = 1;
				DEVELOPMENT_TEAM = YA5HXFT63V;
				GENERATE_INFOPLIST_FILE = YES;
				INFOPLIST_FILE = vote/Info.plist;
				INFOPLIST_KEY_UIApplicationSupportsIndirectInputEvents = YES;
				INFOPLIST_KEY_UILaunchStoryboardName = LaunchScreen;
				INFOPLIST_KEY_UIMainStoryboardFile = Main;
				INFOPLIST_KEY_UISupportedInterfaceOrientations_iPad = "UIInterfaceOrientationPortrait UIInterfaceOrientationPortraitUpsideDown UIInterfaceOrientationLandscapeLeft UIInterfaceOrientationLandscapeRight";
				INFOPLIST_KEY_UISupportedInterfaceOrientations_iPhone = "UIInterfaceOrientationPortrait UIInterfaceOrientationLandscapeLeft UIInterfaceOrientationLandscapeRight";
				LD_RUNPATH_SEARCH_PATHS = (
					"$(inherited)",
					"@executable_path/Frameworks",
				);
				MARKETING_VERSION = 1.0;
				PRODUCT_BUNDLE_IDENTIFIER = sho.vote;
				PRODUCT_NAME = "$(TARGET_NAME)";
				SWIFT_EMIT_LOC_STRINGS = YES;
				SWIFT_VERSION = 5.0;
				TARGETED_DEVICE_FAMILY = "1,2";
			};
			name = Debug;
		};
		1A8E3582290285E600748C77 /* Release */ = {
			isa = XCBuildConfiguration;
			buildSettings = {
				ASSETCATALOG_COMPILER_APPICON_NAME = AppIcon;
				ASSETCATALOG_COMPILER_GLOBAL_ACCENT_COLOR_NAME = AccentColor;
				CODE_SIGN_STYLE = Automatic;
				CURRENT_PROJECT_VERSION = 1;
				DEVELOPMENT_TEAM = YA5HXFT63V;
				GENERATE_INFOPLIST_FILE = YES;
				INFOPLIST_FILE = vote/Info.plist;
				INFOPLIST_KEY_UIApplicationSupportsIndirectInputEvents = YES;
				INFOPLIST_KEY_UILaunchStoryboardName = LaunchScreen;
				INFOPLIST_KEY_UIMainStoryboardFile = Main;
				INFOPLIST_KEY_UISupportedInterfaceOrientations_iPad = "UIInterfaceOrientationPortrait UIInterfaceOrientationPortraitUpsideDown UIInterfaceOrientationLandscapeLeft UIInterfaceOrientationLandscapeRight";
				INFOPLIST_KEY_UISupportedInterfaceOrientations_iPhone = "UIInterfaceOrientationPortrait UIInterfaceOrientationLandscapeLeft UIInterfaceOrientationLandscapeRight";
				LD_RUNPATH_SEARCH_PATHS = (
					"$(inherited)",
					"@executable_path/Frameworks",
				);
				MARKETING_VERSION = 1.0;
				PRODUCT_BUNDLE_IDENTIFIER = sho.vote;
				PRODUCT_NAME = "$(TARGET_NAME)";
				SWIFT_EMIT_LOC_STRINGS = YES;
				SWIFT_VERSION = 5.0;
				TARGETED_DEVICE_FAMILY = "1,2";
			};
			name = Release;
		};
		1A8E3584290285E600748C77 /* Debug */ = {
			isa = XCBuildConfiguration;
			buildSettings = {
				ALWAYS_EMBED_SWIFT_STANDARD_LIBRARIES = YES;
				BUNDLE_LOADER = "$(TEST_HOST)";
				CODE_SIGN_STYLE = Automatic;
				CURRENT_PROJECT_VERSION = 1;
				DEVELOPMENT_TEAM = YA5HXFT63V;
				GENERATE_INFOPLIST_FILE = YES;
				IPHONEOS_DEPLOYMENT_TARGET = 15.5;
				MARKETING_VERSION = 1.0;
				PRODUCT_BUNDLE_IDENTIFIER = sho.voteTests;
				PRODUCT_NAME = "$(TARGET_NAME)";
				SWIFT_EMIT_LOC_STRINGS = NO;
				SWIFT_VERSION = 5.0;
				TARGETED_DEVICE_FAMILY = "1,2";
				TEST_HOST = "$(BUILT_PRODUCTS_DIR)/vote.app/vote";
			};
			name = Debug;
		};
		1A8E3585290285E600748C77 /* Release */ = {
			isa = XCBuildConfiguration;
			buildSettings = {
				ALWAYS_EMBED_SWIFT_STANDARD_LIBRARIES = YES;
				BUNDLE_LOADER = "$(TEST_HOST)";
				CODE_SIGN_STYLE = Automatic;
				CURRENT_PROJECT_VERSION = 1;
				DEVELOPMENT_TEAM = YA5HXFT63V;
				GENERATE_INFOPLIST_FILE = YES;
				IPHONEOS_DEPLOYMENT_TARGET = 15.5;
				MARKETING_VERSION = 1.0;
				PRODUCT_BUNDLE_IDENTIFIER = sho.voteTests;
				PRODUCT_NAME = "$(TARGET_NAME)";
				SWIFT_EMIT_LOC_STRINGS = NO;
				SWIFT_VERSION = 5.0;
				TARGETED_DEVICE_FAMILY = "1,2";
				TEST_HOST = "$(BUILT_PRODUCTS_DIR)/vote.app/vote";
			};
			name = Release;
		};
		1A8E3587290285E600748C77 /* Debug */ = {
			isa = XCBuildConfiguration;
			buildSettings = {
				ALWAYS_EMBED_SWIFT_STANDARD_LIBRARIES = YES;
				CODE_SIGN_STYLE = Automatic;
				CURRENT_PROJECT_VERSION = 1;
				DEVELOPMENT_TEAM = YA5HXFT63V;
				GENERATE_INFOPLIST_FILE = YES;
				MARKETING_VERSION = 1.0;
				PRODUCT_BUNDLE_IDENTIFIER = sho.voteUITests;
				PRODUCT_NAME = "$(TARGET_NAME)";
				SWIFT_EMIT_LOC_STRINGS = NO;
				SWIFT_VERSION = 5.0;
				TARGETED_DEVICE_FAMILY = "1,2";
				TEST_TARGET_NAME = vote;
			};
			name = Debug;
		};
		1A8E3588290285E600748C77 /* Release */ = {
			isa = XCBuildConfiguration;
			buildSettings = {
				ALWAYS_EMBED_SWIFT_STANDARD_LIBRARIES = YES;
				CODE_SIGN_STYLE = Automatic;
				CURRENT_PROJECT_VERSION = 1;
				DEVELOPMENT_TEAM = YA5HXFT63V;
				GENERATE_INFOPLIST_FILE = YES;
				MARKETING_VERSION = 1.0;
				PRODUCT_BUNDLE_IDENTIFIER = sho.voteUITests;
				PRODUCT_NAME = "$(TARGET_NAME)";
				SWIFT_EMIT_LOC_STRINGS = NO;
				SWIFT_VERSION = 5.0;
				TARGETED_DEVICE_FAMILY = "1,2";
				TEST_TARGET_NAME = vote;
			};
			name = Release;
		};
/* End XCBuildConfiguration section */

/* Begin XCConfigurationList section */
		1A8E3551290285E200748C77 /* Build configuration list for PBXProject "vote" */ = {
			isa = XCConfigurationList;
			buildConfigurations = (
				1A8E357E290285E600748C77 /* Debug */,
				1A8E357F290285E600748C77 /* Release */,
			);
			defaultConfigurationIsVisible = 0;
			defaultConfigurationName = Release;
		};
		1A8E3580290285E600748C77 /* Build configuration list for PBXNativeTarget "vote" */ = {
			isa = XCConfigurationList;
			buildConfigurations = (
				1A8E3581290285E600748C77 /* Debug */,
				1A8E3582290285E600748C77 /* Release */,
			);
			defaultConfigurationIsVisible = 0;
			defaultConfigurationName = Release;
		};
		1A8E3583290285E600748C77 /* Build configuration list for PBXNativeTarget "voteTests" */ = {
			isa = XCConfigurationList;
			buildConfigurations = (
				1A8E3584290285E600748C77 /* Debug */,
				1A8E3585290285E600748C77 /* Release */,
			);
			defaultConfigurationIsVisible = 0;
			defaultConfigurationName = Release;
		};
		1A8E3586290285E600748C77 /* Build configuration list for PBXNativeTarget "voteUITests" */ = {
			isa = XCConfigurationList;
			buildConfigurations = (
				1A8E3587290285E600748C77 /* Debug */,
				1A8E3588290285E600748C77 /* Release */,
			);
			defaultConfigurationIsVisible = 0;
			defaultConfigurationName = Release;
		};
/* End XCConfigurationList section */
	};
	rootObject = 1A8E354E290285E200748C77 /* Project object */;
}
